
Microsoft Visual Studio Solution File, Format Version 12.00
# Visual Studio Version 16
VisualStudioVersion = 16.0.31205.134
MinimumVisualStudioVersion = 10.0.40219.1
Project("{A0D00DEA-186D-4D33-90D6-17D08EC9CA0F}") = "TestAudioLib", "projects\VS2019\BuildLib\TestAudioLib.vcxproj", "{0E6DB024-F878-4160-B1B0-2D403E6C1615}"
EndProject
Project("{A0D00DEA-186D-4D33-90D6-17D08EC9CA0F}") = "TestAudioDll", "projects\VS2019\BuildDLL\TestAudioDll.vcxproj", "{90572CBF-67D7-42E1-A3E6-710D6C404C73}"
	ProjectSection(ProjectDependencies) = postProject
		{0E6DB024-F878-4160-B1B0-2D403E6C1615} = {0E6DB024-F878-4160-B1B0-2D403E6C1615}
	EndProjectSection
EndProject
Global
	GlobalSection(SolutionConfigurationPlatforms) = preSolution
		Debug|x64 = Debug|x64
		Debug|x86 = Debug|x86
		Release|x64 = Release|x64
		Release|x86 = Release|x86
	EndGlobalSection
	GlobalSection(ProjectConfigurationPlatforms) = postSolution
		{0E6DB024-F878-4160-B1B0-2D403E6C1615}.Debug|x64.ActiveCfg = Debug|x64
		{0E6DB024-F878-4160-B1B0-2D403E6C1615}.Debug|x64.Build.0 = Debug|x64
		{0E6DB024-F878-4160-B1B0-2D403E6C1615}.Debug|x86.ActiveCfg = Debug|Win32
		{0E6DB024-F878-4160-B1B0-2D403E6C1615}.Debug|x86.Build.0 = Debug|Win32
		{0E6DB024-F878-4160-B1B0-2D403E6C1615}.Release|x64.ActiveCfg = Release|x64
		{0E6DB024-F878-4160-B1B0-2D403E6C1615}.Release|x64.Build.0 = Release|x64
		{0E6DB024-F878-4160-B1B0-2D403E6C1615}.Release|x86.ActiveCfg = Release|Win32
		{0E6DB024-F878-4160-B1B0-2D403E6C1615}.Release|x86.Build.0 = Release|Win32
		{90572CBF-67D7-42E1-A3E6-710D6C404C73}.Debug|x64.ActiveCfg = Debug|x64
		{90572CBF-67D7-42E1-A3E6-710D6C404C73}.Debug|x64.Build.0 = Debug|x64
		{90572CBF-67D7-42E1-A3E6-710D6C404C73}.Debug|x86.ActiveCfg = Debug|Win32
		{90572CBF-67D7-42E1-A3E6-710D6C404C73}.Debug|x86.Build.0 = Debug|Win32
		{90572CBF-67D7-42E1-A3E6-710D6C404C73}.Release|x64.ActiveCfg = Release|x64
		{90572CBF-67D7-42E1-A3E6-710D6C404C73}.Release|x64.Build.0 = Release|x64
		{90572CBF-67D7-42E1-A3E6-710D6C404C73}.Release|x86.ActiveCfg = Release|Win32
		{90572CBF-67D7-42E1-A3E6-710D6C404C73}.Release|x86.Build.0 = Release|Win32
	EndGlobalSection
	GlobalSection(SolutionProperties) = preSolution
		HideSolutionNode = FALSE
	EndGlobalSection
	GlobalSection(ExtensibilityGlobals) = postSolution
		SolutionGuid = {A0D00DEA-186D-4D33-90D6-17D08EC9CA0F}
	EndGlobalSection
EndGlobal
